github.com/go-stack/stack v1.8.0 h1:5SgMzNM5HxrEjV0ww2lTmX6E2Izsfxas4+YHWRs3Lsk=
github.com/go-stack/stack v1.8.0/go.mod h1:v0f6uXyyMGvRgIKkXu+yp6POWl0qKG85gN/melR3HDY=
github.com/joho/godotenv v1.3.0 h1:Zjp+RcGpHhGlrMbJzXTrZZPrWj+1vfm90La1wgB6Bhc=
github.com/joho/godotenv v1.3.0/go.mod h1:7hK45KPybAkOC6peb+G5yklZfMxEjkZhHbwpqxOKXbg=
github.com/mongodb/mongo-go-driver v0.3.0 h1:00tKWMrabkVU1e57/TTP4ZBIfhn/wmjlSiRnIM9d0T8=
github.com/mongodb/mongo-go-driver v0.3.0/go.mod h1:NK/HWDIIZkaYsnYa0hmtP443T5ELr0KDecmIioVuuyU=
github.com/mongodb/mongo-go-driver v1.0.0 h1:aq055NT+Xu6ta/f7D51gIbLHIZwM0Gwzt9RHfmrzs6A=
github.com/mongodb/mongo-go-driver v1.0.0/go.mod h1:NK/HWDIIZkaYsnYa0hmtP443T5ELr0KDecmIioVuuyU=
github.com/robherley/stevens-course-api v0.0.0-20180816135240-df145c94a743 h1:dikgcosKDKpWJ9CzLjACT5PpNn/IT/K/Q2QzziahUfo=
github.com/robherley/stevens-course-api v0.0.0-20180816135240-df145c94a743/go.mod h1:srgZcITRYwYzk3NqgDRlWdLTAY+Fy1MtcfVhRchoQu8=
github.com/sergi/go-diff v1.0.0 h1:Kpca3qRNrduNnOQeazBd0ysaKrUJiIuISHxogkT9RPQ=
github.com/sergi/go-diff v1.0.0/go.mod h1:0CfEIISq7TuYL3j771MWULgwwjU+GofnZX9QAmXWZgo=
